<Solution>
  <Folder Name="/Solution Items/">
    <File Path=".editorconfig" />
  </Folder>
  <Project Path="Marqdouj.DotNet.AzureMaps/Marqdouj.DotNet.AzureMaps.csproj" />
  <Project Path="Sandbox.AzureMaps/Sandbox.AzureMaps.csproj" Id="9406a18a-9bfc-4c1b-b957-435033fad206" />
  <Project Path="Sandbox/Sandbox.csproj" Id="34ba4d74-44e4-42dd-b644-0dc7b9bb1977" />
</Solution>
